
Microsoft Visual Studio Solution File, Format Version 12.00
# Visual Studio Version 16
VisualStudioVersion = 16.0.31424.327
MinimumVisualStudioVersion = 10.0.40219.1
Project("{FAE04EC0-301F-11D3-BF4B-00C04F79EFBC}") = "Mycalc", "Mycalc\Mycalc.csproj", "{810B6872-494A-4C1D-9B1F-B6F856511ECE}"
EndProject
Global
	GlobalSection(SolutionConfigurationPlatforms) = preSolution
		Debug|Any CPU = Debug|Any CPU
		Release|Any CPU = Release|Any CPU
	EndGlobalSection
	GlobalSection(ProjectConfigurationPlatforms) = postSolution
		{810B6872-494A-4C1D-9B1F-B6F856511ECE}.Debug|Any CPU.ActiveCfg = Debug|Any CPU
		{810B6872-494A-4C1D-9B1F-B6F856511ECE}.Debug|Any CPU.Build.0 = Debug|Any CPU
		{810B6872-494A-4C1D-9B1F-B6F856511ECE}.Release|Any CPU.ActiveCfg = Release|Any CPU
		{810B6872-494A-4C1D-9B1F-B6F856511ECE}.Release|Any CPU.Build.0 = Release|Any CPU
	EndGlobalSection
	GlobalSection(SolutionProperties) = preSolution
		HideSolutionNode = FALSE
	EndGlobalSection
	GlobalSection(ExtensibilityGlobals) = postSolution
		SolutionGuid = {6853B34B-9FF9-4423-B292-6CD6151F74B9}
	EndGlobalSection
EndGlobal
