
Microsoft Visual Studio Solution File, Format Version 12.00
# Visual Studio Version 16
VisualStudioVersion = 16.0.31424.327
MinimumVisualStudioVersion = 10.0.40219.1
Project("{FAE04EC0-301F-11D3-BF4B-00C04F79EFBC}") = "UsingKeyword", "UsingKeyword\UsingKeyword.csproj", "{16EA1566-3373-49AA-9A80-930C9C0177C5}"
EndProject
Global
	GlobalSection(SolutionConfigurationPlatforms) = preSolution
		Debug|Any CPU = Debug|Any CPU
		Release|Any CPU = Release|Any CPU
	EndGlobalSection
	GlobalSection(ProjectConfigurationPlatforms) = postSolution
		{16EA1566-3373-49AA-9A80-930C9C0177C5}.Debug|Any CPU.ActiveCfg = Debug|Any CPU
		{16EA1566-3373-49AA-9A80-930C9C0177C5}.Debug|Any CPU.Build.0 = Debug|Any CPU
		{16EA1566-3373-49AA-9A80-930C9C0177C5}.Release|Any CPU.ActiveCfg = Release|Any CPU
		{16EA1566-3373-49AA-9A80-930C9C0177C5}.Release|Any CPU.Build.0 = Release|Any CPU
	EndGlobalSection
	GlobalSection(SolutionProperties) = preSolution
		HideSolutionNode = FALSE
	EndGlobalSection
	GlobalSection(ExtensibilityGlobals) = postSolution
		SolutionGuid = {E15BADFC-C10A-4E17-BD69-556AAB1754D9}
	EndGlobalSection
EndGlobal
