
Microsoft Visual Studio Solution File, Format Version 12.00
# Visual Studio Version 16
VisualStudioVersion = 16.0.31424.327
MinimumVisualStudioVersion = 10.0.40219.1
Project("{FAE04EC0-301F-11D3-BF4B-00C04F79EFBC}") = "BuilderPattern", "BuilderPattern\BuilderPattern.csproj", "{9CA1A7C6-1744-4538-928E-43709736EC28}"
EndProject
Global
	GlobalSection(SolutionConfigurationPlatforms) = preSolution
		Debug|Any CPU = Debug|Any CPU
		Release|Any CPU = Release|Any CPU
	EndGlobalSection
	GlobalSection(ProjectConfigurationPlatforms) = postSolution
		{9CA1A7C6-1744-4538-928E-43709736EC28}.Debug|Any CPU.ActiveCfg = Debug|Any CPU
		{9CA1A7C6-1744-4538-928E-43709736EC28}.Debug|Any CPU.Build.0 = Debug|Any CPU
		{9CA1A7C6-1744-4538-928E-43709736EC28}.Release|Any CPU.ActiveCfg = Release|Any CPU
		{9CA1A7C6-1744-4538-928E-43709736EC28}.Release|Any CPU.Build.0 = Release|Any CPU
	EndGlobalSection
	GlobalSection(SolutionProperties) = preSolution
		HideSolutionNode = FALSE
	EndGlobalSection
	GlobalSection(ExtensibilityGlobals) = postSolution
		SolutionGuid = {1104E271-F1D3-4091-90C4-B89ABFB80224}
	EndGlobalSection
EndGlobal
