
Microsoft Visual Studio Solution File, Format Version 12.00
# Visual Studio Version 16
VisualStudioVersion = 16.0.31424.327
MinimumVisualStudioVersion = 10.0.40219.1
Project("{FAE04EC0-301F-11D3-BF4B-00C04F79EFBC}") = "MyTest2", "MyTest2\MyTest2.csproj", "{28DC93F0-A390-4933-9F5B-333F427E533F}"
EndProject
Project("{FAE04EC0-301F-11D3-BF4B-00C04F79EFBC}") = "UnitTestProject2", "UnitTestProject2\UnitTestProject2.csproj", "{6537921D-D81A-4A68-948F-2F2819206A61}"
EndProject
Global
	GlobalSection(SolutionConfigurationPlatforms) = preSolution
		Debug|Any CPU = Debug|Any CPU
		Release|Any CPU = Release|Any CPU
	EndGlobalSection
	GlobalSection(ProjectConfigurationPlatforms) = postSolution
		{28DC93F0-A390-4933-9F5B-333F427E533F}.Debug|Any CPU.ActiveCfg = Debug|Any CPU
		{28DC93F0-A390-4933-9F5B-333F427E533F}.Debug|Any CPU.Build.0 = Debug|Any CPU
		{28DC93F0-A390-4933-9F5B-333F427E533F}.Release|Any CPU.ActiveCfg = Release|Any CPU
		{28DC93F0-A390-4933-9F5B-333F427E533F}.Release|Any CPU.Build.0 = Release|Any CPU
		{6537921D-D81A-4A68-948F-2F2819206A61}.Debug|Any CPU.ActiveCfg = Debug|Any CPU
		{6537921D-D81A-4A68-948F-2F2819206A61}.Debug|Any CPU.Build.0 = Debug|Any CPU
		{6537921D-D81A-4A68-948F-2F2819206A61}.Release|Any CPU.ActiveCfg = Release|Any CPU
		{6537921D-D81A-4A68-948F-2F2819206A61}.Release|Any CPU.Build.0 = Release|Any CPU
	EndGlobalSection
	GlobalSection(SolutionProperties) = preSolution
		HideSolutionNode = FALSE
	EndGlobalSection
	GlobalSection(ExtensibilityGlobals) = postSolution
		SolutionGuid = {7A9D2750-B917-47CE-A357-0583866E7649}
	EndGlobalSection
EndGlobal
