
Microsoft Visual Studio Solution File, Format Version 12.00
# Visual Studio Version 16
VisualStudioVersion = 16.0.31424.327
MinimumVisualStudioVersion = 10.0.40219.1
Project("{FAE04EC0-301F-11D3-BF4B-00C04F79EFBC}") = "practicePlayground", "practicePlayground\practicePlayground.csproj", "{18F9D0FF-4701-4DC3-9D31-442A4CC4DECC}"
EndProject
Global
	GlobalSection(SolutionConfigurationPlatforms) = preSolution
		Debug|Any CPU = Debug|Any CPU
		Release|Any CPU = Release|Any CPU
	EndGlobalSection
	GlobalSection(ProjectConfigurationPlatforms) = postSolution
		{18F9D0FF-4701-4DC3-9D31-442A4CC4DECC}.Debug|Any CPU.ActiveCfg = Debug|Any CPU
		{18F9D0FF-4701-4DC3-9D31-442A4CC4DECC}.Debug|Any CPU.Build.0 = Debug|Any CPU
		{18F9D0FF-4701-4DC3-9D31-442A4CC4DECC}.Release|Any CPU.ActiveCfg = Release|Any CPU
		{18F9D0FF-4701-4DC3-9D31-442A4CC4DECC}.Release|Any CPU.Build.0 = Release|Any CPU
	EndGlobalSection
	GlobalSection(SolutionProperties) = preSolution
		HideSolutionNode = FALSE
	EndGlobalSection
	GlobalSection(ExtensibilityGlobals) = postSolution
		SolutionGuid = {D14107C8-C718-4763-8E06-46775DCF74A1}
	EndGlobalSection
EndGlobal
