
Microsoft Visual Studio Solution File, Format Version 12.00
# Visual Studio Version 16
VisualStudioVersion = 16.0.31424.327
MinimumVisualStudioVersion = 10.0.40219.1
Project("{FAE04EC0-301F-11D3-BF4B-00C04F79EFBC}") = "TestApp", "TestApp\TestApp.csproj", "{B3566E03-042C-4E8C-85BC-72C75B9AE37B}"
EndProject
Global
	GlobalSection(SolutionConfigurationPlatforms) = preSolution
		Debug|Any CPU = Debug|Any CPU
		Release|Any CPU = Release|Any CPU
	EndGlobalSection
	GlobalSection(ProjectConfigurationPlatforms) = postSolution
		{B3566E03-042C-4E8C-85BC-72C75B9AE37B}.Debug|Any CPU.ActiveCfg = Debug|Any CPU
		{B3566E03-042C-4E8C-85BC-72C75B9AE37B}.Debug|Any CPU.Build.0 = Debug|Any CPU
		{B3566E03-042C-4E8C-85BC-72C75B9AE37B}.Release|Any CPU.ActiveCfg = Release|Any CPU
		{B3566E03-042C-4E8C-85BC-72C75B9AE37B}.Release|Any CPU.Build.0 = Release|Any CPU
	EndGlobalSection
	GlobalSection(SolutionProperties) = preSolution
		HideSolutionNode = FALSE
	EndGlobalSection
	GlobalSection(ExtensibilityGlobals) = postSolution
		SolutionGuid = {286FE827-FEE4-46F7-962E-245B7A61F134}
	EndGlobalSection
EndGlobal
