
Microsoft Visual Studio Solution File, Format Version 12.00
# Visual Studio Version 16
VisualStudioVersion = 16.0.31424.327
MinimumVisualStudioVersion = 10.0.40219.1
Project("{FAE04EC0-301F-11D3-BF4B-00C04F79EFBC}") = "FieldsPractice", "FieldsPractice\FieldsPractice.csproj", "{8E19DEE7-9A6E-437A-9CE9-9757B3072DE8}"
EndProject
Project("{FAE04EC0-301F-11D3-BF4B-00C04F79EFBC}") = "EncapsulationPractice", "EncapsulationPractice\EncapsulationPractice.csproj", "{AFA4A59F-DD84-437B-B44E-09D2EA7F9867}"
EndProject
Global
	GlobalSection(SolutionConfigurationPlatforms) = preSolution
		Debug|Any CPU = Debug|Any CPU
		Release|Any CPU = Release|Any CPU
	EndGlobalSection
	GlobalSection(ProjectConfigurationPlatforms) = postSolution
		{8E19DEE7-9A6E-437A-9CE9-9757B3072DE8}.Debug|Any CPU.ActiveCfg = Debug|Any CPU
		{8E19DEE7-9A6E-437A-9CE9-9757B3072DE8}.Debug|Any CPU.Build.0 = Debug|Any CPU
		{8E19DEE7-9A6E-437A-9CE9-9757B3072DE8}.Release|Any CPU.ActiveCfg = Release|Any CPU
		{8E19DEE7-9A6E-437A-9CE9-9757B3072DE8}.Release|Any CPU.Build.0 = Release|Any CPU
		{AFA4A59F-DD84-437B-B44E-09D2EA7F9867}.Debug|Any CPU.ActiveCfg = Debug|Any CPU
		{AFA4A59F-DD84-437B-B44E-09D2EA7F9867}.Debug|Any CPU.Build.0 = Debug|Any CPU
		{AFA4A59F-DD84-437B-B44E-09D2EA7F9867}.Release|Any CPU.ActiveCfg = Release|Any CPU
		{AFA4A59F-DD84-437B-B44E-09D2EA7F9867}.Release|Any CPU.Build.0 = Release|Any CPU
	EndGlobalSection
	GlobalSection(SolutionProperties) = preSolution
		HideSolutionNode = FALSE
	EndGlobalSection
	GlobalSection(ExtensibilityGlobals) = postSolution
		SolutionGuid = {81D01540-F3E5-4A41-A360-4E3D4B2B2ADF}
	EndGlobalSection
EndGlobal
